Microsoft Visual Studio Solution File, Format Version 12.00
# Visual Studio Version 17
VisualStudioVersion = 17.5.2.0
MinimumVisualStudioVersion = 10.0.40219.1
Project("{FAE04EC0-301F-11D3-BF4B-00C04F79EFBC}") = "Masmorra", "Masmorra.csproj", "{F42FCC36-57F7-2688-9A38-4D93554B6EE6}"
EndProject
Global
	GlobalSection(SolutionConfigurationPlatforms) = preSolution
		Debug|Any CPU = Debug|Any CPU
		Release|Any CPU = Release|Any CPU
	EndGlobalSection
	GlobalSection(ProjectConfigurationPlatforms) = postSolution
		{F42FCC36-57F7-2688-9A38-4D93554B6EE6}.Debug|Any CPU.ActiveCfg = Debug|Any CPU
		{F42FCC36-57F7-2688-9A38-4D93554B6EE6}.Debug|Any CPU.Build.0 = Debug|Any CPU
		{F42FCC36-57F7-2688-9A38-4D93554B6EE6}.Release|Any CPU.ActiveCfg = Release|Any CPU
		{F42FCC36-57F7-2688-9A38-4D93554B6EE6}.Release|Any CPU.Build.0 = Release|Any CPU
	EndGlobalSection
	GlobalSection(SolutionProperties) = preSolution
		HideSolutionNode = FALSE
	EndGlobalSection
	GlobalSection(ExtensibilityGlobals) = postSolution
		SolutionGuid = {0DA35A67-6ABB-4236-910E-C0B79FCAD382}
	EndGlobalSection
EndGlobal
